Microsoft Visual Studio Solution File, Format Version 12.00
# Visual Studio Version 17
VisualStudioVersion = 17.5.33414.496
MinimumVisualStudioVersion = 10.0.40219.1
Project("{9A19103F-16F7-4668-BE54-9A1E7A4F7556}") = "FeedCenter", "Application\FeedCenter.csproj", "{BD3D12F2-DE23-4466-83B1-1EB617A877A4}"
EndProject
Project("{930C7802-8A8C-48F9-8165-68863BCCD9DD}") = "Setup", "Setup\Setup.wixproj", "{DFB3FE30-18EA-4216-8D92-11DF9C8D50F1}"
EndProject
Project("{930C7802-8A8C-48F9-8165-68863BCCD9DD}") = "Bootstrapper", "Bootstrapper\Bootstrapper.wixproj", "{5E5C13A5-635E-4310-A653-0F9760F46935}"
EndProject
Project("{2150E333-8FDC-42A3-9474-1A3956D46DE8}") = "Solution", "Solution", "{1462AAAD-B01B-4FF6-9B9F-595D239C9D1E}"
	ProjectSection(SolutionItems) = preProject
		.gitignore = .gitignore
		appveyor.yml = appveyor.yml
		LICENSE.md = LICENSE.md
		README.md = README.md
	EndProjectSection
EndProject
Project("{9A19103F-16F7-4668-BE54-9A1E7A4F7556}") = "NameBasedGrid", "..\..\Public\namebasedgrid\src\NameBasedGrid\NameBasedGrid.csproj", "{01D2D040-A2AF-42A1-9821-D1C6D77A3309}"
EndProject
Project("{9A19103F-16F7-4668-BE54-9A1E7A4F7556}") = "Wpf.Controls.Link", "..\Wpf.Controls.Link\Wpf.Controls.Link.csproj", "{D8A22337-E65C-4214-B2AC-EFD34350C0C5}"
EndProject
Project("{9A19103F-16F7-4668-BE54-9A1E7A4F7556}") = "Wpf.Windows.SnappingWindow", "..\Wpf.Windows.SnappingWindow\Wpf.Windows.SnappingWindow.csproj", "{3DF3BBDC-F378-48FC-B5D3-6136AD1D1E5D}"
EndProject
Project("{9A19103F-16F7-4668-BE54-9A1E7A4F7556}") = "Wpf.Windows.ControlBox", "..\Wpf.Windows.ControlBox\Wpf.Windows.ControlBox.csproj", "{4203D266-E323-4E49-B5FD-B60C19D17EEF}"
EndProject
Project("{9A19103F-16F7-4668-BE54-9A1E7A4F7556}") = "Wpf.Controls.Toolbar", "..\Wpf.Controls.Toolbar\Wpf.Controls.Toolbar.csproj", "{94D49D33-320E-4C9A-A93F-36813D6FB65F}"
EndProject
Project("{9A19103F-16F7-4668-BE54-9A1E7A4F7556}") = "Wpf.Controls.HtmlTextBlock", "..\Wpf.Controls.HtmlTextBlock\Wpf.Controls.HtmlTextBlock.csproj", "{ED2A50A7-33D6-4327-8775-F8F9EBF369EE}"
EndProject
Project("{9A19103F-16F7-4668-BE54-9A1E7A4F7556}") = "Wpf.Validation", "..\Wpf.Validation\Wpf.Validation.csproj", "{7AA16534-92EC-4ABF-BFF0-1EC373C91035}"
EndProject
Project("{9A19103F-16F7-4668-BE54-9A1E7A4F7556}") = "Wpf.Application.StartWithWindows", "..\Wpf.Application.StartWithWindows\Wpf.Application.StartWithWindows.csproj", "{29B9EDF3-9D68-417E-9D85-D5E88E0975F1}"
EndProject
Project("{9A19103F-16F7-4668-BE54-9A1E7A4F7556}") = "Wpf.Application.SingleInstance", "..\Wpf.Application.SingleInstance\Wpf.Application.SingleInstance.csproj", "{7BF3C67C-239E-44D5-BA71-555A624550E8}"
EndProject
Project("{9A19103F-16F7-4668-BE54-9A1E7A4F7556}") = "InstalledBrowsers", "..\InstalledBrowsers\InstalledBrowsers.csproj", "{C1A3C38D-C802-4E40-9079-4C857063A3CE}"
EndProject
Project("{9A19103F-16F7-4668-BE54-9A1E7A4F7556}") = "GenericSettingsProvider", "..\GenericSettingsProvider\GenericSettingsProvider.csproj", "{1DAD6B26-8993-4C3F-8B75-B9A9D67A2CE0}"
EndProject
Project("{9A19103F-16F7-4668-BE54-9A1E7A4F7556}") = "ApplicationUpdate", "..\ApplicationUpdate\ApplicationUpdate.csproj", "{9A49783E-FFFB-4629-A877-4A9D3B52323F}"
EndProject
Global
	GlobalSection(SolutionConfigurationPlatforms) = preSolution
		Debug - With Setup|Any CPU = Debug - With Setup|Any CPU
		Debug - With Setup|Mixed Platforms = Debug - With Setup|Mixed Platforms
		Debug - With Setup|x64 = Debug - With Setup|x64
		Debug - With Setup|x86 = Debug - With Setup|x86
		Debug|Any CPU = Debug|Any CPU
		Debug|Mixed Platforms = Debug|Mixed Platforms
		Debug|x64 = Debug|x64
		Debug|x86 = Debug|x86
		Release - With Setup|Any CPU = Release - With Setup|Any CPU
		Release - With Setup|Mixed Platforms = Release - With Setup|Mixed Platforms
		Release - With Setup|x64 = Release - With Setup|x64
		Release - With Setup|x86 = Release - With Setup|x86
		Release|Any CPU = Release|Any CPU
		Release|Mixed Platforms = Release|Mixed Platforms
		Release|x64 = Release|x64
		Release|x86 = Release|x86
	EndGlobalSection
	GlobalSection(ProjectConfigurationPlatforms) = postSolution
		{BD3D12F2-DE23-4466-83B1-1EB617A877A4}.Debug - With Setup|Any CPU.ActiveCfg = Debug|Any CPU
		{BD3D12F2-DE23-4466-83B1-1EB617A877A4}.Debug - With Setup|Any CPU.Build.0 = Debug|Any CPU
		{BD3D12F2-DE23-4466-83B1-1EB617A877A4}.Debug - With Setup|Mixed Platforms.ActiveCfg = Debug|x86
		{BD3D12F2-DE23-4466-83B1-1EB617A877A4}.Debug - With Setup|Mixed Platforms.Build.0 = Debug|x86
		{BD3D12F2-DE23-4466-83B1-1EB617A877A4}.Debug - With Setup|x64.ActiveCfg = Debug|x64
		{BD3D12F2-DE23-4466-83B1-1EB617A877A4}.Debug - With Setup|x64.Build.0 = Debug|x64
		{BD3D12F2-DE23-4466-83B1-1EB617A877A4}.Debug - With Setup|x86.ActiveCfg = Debug|x86
		{BD3D12F2-DE23-4466-83B1-1EB617A877A4}.Debug - With Setup|x86.Build.0 = Debug|x86
		{BD3D12F2-DE23-4466-83B1-1EB617A877A4}.Debug|Any CPU.ActiveCfg = Debug|Any CPU
		{BD3D12F2-DE23-4466-83B1-1EB617A877A4}.Debug|Any CPU.Build.0 = Debug|Any CPU
		{BD3D12F2-DE23-4466-83B1-1EB617A877A4}.Debug|Mixed Platforms.ActiveCfg = Debug|x86
		{BD3D12F2-DE23-4466-83B1-1EB617A877A4}.Debug|Mixed Platforms.Build.0 = Debug|x86
		{BD3D12F2-DE23-4466-83B1-1EB617A877A4}.Debug|x64.ActiveCfg = Debug|x64
		{BD3D12F2-DE23-4466-83B1-1EB617A877A4}.Debug|x64.Build.0 = Debug|x64
		{BD3D12F2-DE23-4466-83B1-1EB617A877A4}.Debug|x86.ActiveCfg = Debug|x86
		{BD3D12F2-DE23-4466-83B1-1EB617A877A4}.Debug|x86.Build.0 = Debug|x86
		{BD3D12F2-DE23-4466-83B1-1EB617A877A4}.Release - With Setup|Any CPU.ActiveCfg = Release|Any CPU
		{BD3D12F2-DE23-4466-83B1-1EB617A877A4}.Release - With Setup|Any CPU.Build.0 = Release|Any CPU
		{BD3D12F2-DE23-4466-83B1-1EB617A877A4}.Release - With Setup|Mixed Platforms.ActiveCfg = Release|x86
		{BD3D12F2-DE23-4466-83B1-1EB617A877A4}.Release - With Setup|Mixed Platforms.Build.0 = Release|x86
		{BD3D12F2-DE23-4466-83B1-1EB617A877A4}.Release - With Setup|x64.ActiveCfg = Release|x86
		{BD3D12F2-DE23-4466-83B1-1EB617A877A4}.Release - With Setup|x86.ActiveCfg = Release|x86
		{BD3D12F2-DE23-4466-83B1-1EB617A877A4}.Release - With Setup|x86.Build.0 = Release|x86
		{BD3D12F2-DE23-4466-83B1-1EB617A877A4}.Release|Any CPU.ActiveCfg = Release|Any CPU
		{BD3D12F2-DE23-4466-83B1-1EB617A877A4}.Release|Any CPU.Build.0 = Release|Any CPU
		{BD3D12F2-DE23-4466-83B1-1EB617A877A4}.Release|Mixed Platforms.ActiveCfg = Release|x86
		{BD3D12F2-DE23-4466-83B1-1EB617A877A4}.Release|Mixed Platforms.Build.0 = Release|x86
		{BD3D12F2-DE23-4466-83B1-1EB617A877A4}.Release|x64.ActiveCfg = Release|x86
		{BD3D12F2-DE23-4466-83B1-1EB617A877A4}.Release|x86.ActiveCfg = Release|x86
		{BD3D12F2-DE23-4466-83B1-1EB617A877A4}.Release|x86.Build.0 = Release|x86
		{DFB3FE30-18EA-4216-8D92-11DF9C8D50F1}.Debug - With Setup|Any CPU.ActiveCfg = Debug|x86
		{DFB3FE30-18EA-4216-8D92-11DF9C8D50F1}.Debug - With Setup|Any CPU.Build.0 = Debug|x86
		{DFB3FE30-18EA-4216-8D92-11DF9C8D50F1}.Debug - With Setup|Mixed Platforms.ActiveCfg = Debug|x86
		{DFB3FE30-18EA-4216-8D92-11DF9C8D50F1}.Debug - With Setup|Mixed Platforms.Build.0 = Debug|x86
		{DFB3FE30-18EA-4216-8D92-11DF9C8D50F1}.Debug - With Setup|x64.ActiveCfg = Debug|x86
		{DFB3FE30-18EA-4216-8D92-11DF9C8D50F1}.Debug - With Setup|x64.Build.0 = Debug|x86
		{DFB3FE30-18EA-4216-8D92-11DF9C8D50F1}.Debug - With Setup|x86.ActiveCfg = Debug|x86
		{DFB3FE30-18EA-4216-8D92-11DF9C8D50F1}.Debug - With Setup|x86.Build.0 = Debug|x86
		{DFB3FE30-18EA-4216-8D92-11DF9C8D50F1}.Debug|Any CPU.ActiveCfg = Debug|x86
		{DFB3FE30-18EA-4216-8D92-11DF9C8D50F1}.Debug|Mixed Platforms.ActiveCfg = Debug|x86
		{DFB3FE30-18EA-4216-8D92-11DF9C8D50F1}.Debug|x64.ActiveCfg = Debug|x86
		{DFB3FE30-18EA-4216-8D92-11DF9C8D50F1}.Debug|x64.Build.0 = Debug|x86
		{DFB3FE30-18EA-4216-8D92-11DF9C8D50F1}.Debug|x86.ActiveCfg = Debug|x86
		{DFB3FE30-18EA-4216-8D92-11DF9C8D50F1}.Debug|x86.Build.0 = Debug|x86
		{DFB3FE30-18EA-4216-8D92-11DF9C8D50F1}.Release - With Setup|Any CPU.ActiveCfg = Release|x86
		{DFB3FE30-18EA-4216-8D92-11DF9C8D50F1}.Release - With Setup|Any CPU.Build.0 = Release|x86
		{DFB3FE30-18EA-4216-8D92-11DF9C8D50F1}.Release - With Setup|Mixed Platforms.ActiveCfg = Release|x86
		{DFB3FE30-18EA-4216-8D92-11DF9C8D50F1}.Release - With Setup|Mixed Platforms.Build.0 = Release|x86
		{DFB3FE30-18EA-4216-8D92-11DF9C8D50F1}.Release - With Setup|x64.ActiveCfg = Release|x86
		{DFB3FE30-18EA-4216-8D92-11DF9C8D50F1}.Release - With Setup|x86.ActiveCfg = Release|x86
		{DFB3FE30-18EA-4216-8D92-11DF9C8D50F1}.Release - With Setup|x86.Build.0 = Release|x86
		{DFB3FE30-18EA-4216-8D92-11DF9C8D50F1}.Release|Any CPU.ActiveCfg = Release|x86
		{DFB3FE30-18EA-4216-8D92-11DF9C8D50F1}.Release|Mixed Platforms.ActiveCfg = Release|x86
		{DFB3FE30-18EA-4216-8D92-11DF9C8D50F1}.Release|x64.ActiveCfg = Release|x86
		{DFB3FE30-18EA-4216-8D92-11DF9C8D50F1}.Release|x86.ActiveCfg = Release|x86
		{DFB3FE30-18EA-4216-8D92-11DF9C8D50F1}.Release|x86.Build.0 = Release|x86
		{5E5C13A5-635E-4310-A653-0F9760F46935}.Debug - With Setup|Any CPU.ActiveCfg = Debug|x86
		{5E5C13A5-635E-4310-A653-0F9760F46935}.Debug - With Setup|Any CPU.Build.0 = Debug|x86
		{5E5C13A5-635E-4310-A653-0F9760F46935}.Debug - With Setup|Mixed Platforms.ActiveCfg = Debug|x86
		{5E5C13A5-635E-4310-A653-0F9760F46935}.Debug - With Setup|Mixed Platforms.Build.0 = Debug|x86
		{5E5C13A5-635E-4310-A653-0F9760F46935}.Debug - With Setup|x64.ActiveCfg = Debug|x86
		{5E5C13A5-635E-4310-A653-0F9760F46935}.Debug - With Setup|x64.Build.0 = Debug|x86
		{5E5C13A5-635E-4310-A653-0F9760F46935}.Debug - With Setup|x86.ActiveCfg = Debug|x86
		{5E5C13A5-635E-4310-A653-0F9760F46935}.Debug - With Setup|x86.Build.0 = Debug|x86
		{5E5C13A5-635E-4310-A653-0F9760F46935}.Debug|Any CPU.ActiveCfg = Debug|x86
		{5E5C13A5-635E-4310-A653-0F9760F46935}.Debug|Mixed Platforms.ActiveCfg = Debug|x86
		{5E5C13A5-635E-4310-A653-0F9760F46935}.Debug|x64.ActiveCfg = Debug|x86
		{5E5C13A5-635E-4310-A653-0F9760F46935}.Debug|x64.Build.0 = Debug|x86
		{5E5C13A5-635E-4310-A653-0F9760F46935}.Debug|x86.ActiveCfg = Debug|x86
		{5E5C13A5-635E-4310-A653-0F9760F46935}.Debug|x86.Build.0 = Debug|x86
		{5E5C13A5-635E-4310-A653-0F9760F46935}.Release - With Setup|Any CPU.ActiveCfg = Release|x86
		{5E5C13A5-635E-4310-A653-0F9760F46935}.Release - With Setup|Any CPU.Build.0 = Release|x86
		{5E5C13A5-635E-4310-A653-0F9760F46935}.Release - With Setup|Mixed Platforms.ActiveCfg = Release|x86
		{5E5C13A5-635E-4310-A653-0F9760F46935}.Release - With Setup|Mixed Platforms.Build.0 = Release|x86
		{5E5C13A5-635E-4310-A653-0F9760F46935}.Release - With Setup|x64.ActiveCfg = Release|x86
		{5E5C13A5-635E-4310-A653-0F9760F46935}.Release - With Setup|x86.ActiveCfg = Release|x86
		{5E5C13A5-635E-4310-A653-0F9760F46935}.Release - With Setup|x86.Build.0 = Release|x86
		{5E5C13A5-635E-4310-A653-0F9760F46935}.Release|Any CPU.ActiveCfg = Release|x86
		{5E5C13A5-635E-4310-A653-0F9760F46935}.Release|Mixed Platforms.ActiveCfg = Release|x86
		{5E5C13A5-635E-4310-A653-0F9760F46935}.Release|x64.ActiveCfg = Release|x86
		{5E5C13A5-635E-4310-A653-0F9760F46935}.Release|x86.ActiveCfg = Release|x86
		{5E5C13A5-635E-4310-A653-0F9760F46935}.Release|x86.Build.0 = Release|x86
		{01D2D040-A2AF-42A1-9821-D1C6D77A3309}.Debug - With Setup|Any CPU.ActiveCfg = Debug|Any CPU
		{01D2D040-A2AF-42A1-9821-D1C6D77A3309}.Debug - With Setup|Any CPU.Build.0 = Debug|Any CPU
		{01D2D040-A2AF-42A1-9821-D1C6D77A3309}.Debug - With Setup|Mixed Platforms.ActiveCfg = Debug|Any CPU
		{01D2D040-A2AF-42A1-9821-D1C6D77A3309}.Debug - With Setup|Mixed Platforms.Build.0 = Debug|Any CPU
		{01D2D040-A2AF-42A1-9821-D1C6D77A3309}.Debug - With Setup|x64.ActiveCfg = Debug|Any CPU
		{01D2D040-A2AF-42A1-9821-D1C6D77A3309}.Debug - With Setup|x64.Build.0 = Debug|Any CPU
		{01D2D040-A2AF-42A1-9821-D1C6D77A3309}.Debug - With Setup|x86.ActiveCfg = Debug|Any CPU
		{01D2D040-A2AF-42A1-9821-D1C6D77A3309}.Debug - With Setup|x86.Build.0 = Debug|Any CPU
		{01D2D040-A2AF-42A1-9821-D1C6D77A3309}.Debug|Any CPU.ActiveCfg = Debug|Any CPU
		{01D2D040-A2AF-42A1-9821-D1C6D77A3309}.Debug|Any CPU.Build.0 = Debug|Any CPU
		{01D2D040-A2AF-42A1-9821-D1C6D77A3309}.Debug|Mixed Platforms.ActiveCfg = Debug|Any CPU
		{01D2D040-A2AF-42A1-9821-D1C6D77A3309}.Debug|Mixed Platforms.Build.0 = Debug|Any CPU
		{01D2D040-A2AF-42A1-9821-D1C6D77A3309}.Debug|x64.ActiveCfg = Debug|Any CPU
		{01D2D040-A2AF-42A1-9821-D1C6D77A3309}.Debug|x64.Build.0 = Debug|Any CPU
		{01D2D040-A2AF-42A1-9821-D1C6D77A3309}.Debug|x86.ActiveCfg = Debug|Any CPU
		{01D2D040-A2AF-42A1-9821-D1C6D77A3309}.Debug|x86.Build.0 = Debug|Any CPU
		{01D2D040-A2AF-42A1-9821-D1C6D77A3309}.Release - With Setup|Any CPU.ActiveCfg = Release|Any CPU
		{01D2D040-A2AF-42A1-9821-D1C6D77A3309}.Release - With Setup|Any CPU.Build.0 = Release|Any CPU
		{01D2D040-A2AF-42A1-9821-D1C6D77A3309}.Release - With Setup|Mixed Platforms.ActiveCfg = Release|Any CPU
		{01D2D040-A2AF-42A1-9821-D1C6D77A3309}.Release - With Setup|Mixed Platforms.Build.0 = Release|Any CPU
		{01D2D040-A2AF-42A1-9821-D1C6D77A3309}.Release - With Setup|x64.ActiveCfg = Release|Any CPU
		{01D2D040-A2AF-42A1-9821-D1C6D77A3309}.Release - With Setup|x64.Build.0 = Release|Any CPU
		{01D2D040-A2AF-42A1-9821-D1C6D77A3309}.Release - With Setup|x86.ActiveCfg = Release|Any CPU
		{01D2D040-A2AF-42A1-9821-D1C6D77A3309}.Release - With Setup|x86.Build.0 = Release|Any CPU
		{01D2D040-A2AF-42A1-9821-D1C6D77A3309}.Release|Any CPU.ActiveCfg = Release|Any CPU
		{01D2D040-A2AF-42A1-9821-D1C6D77A3309}.Release|Any CPU.Build.0 = Release|Any CPU
		{01D2D040-A2AF-42A1-9821-D1C6D77A3309}.Release|Mixed Platforms.ActiveCfg = Release|Any CPU
		{01D2D040-A2AF-42A1-9821-D1C6D77A3309}.Release|Mixed Platforms.Build.0 = Release|Any CPU
		{01D2D040-A2AF-42A1-9821-D1C6D77A3309}.Release|x64.ActiveCfg = Release|Any CPU
		{01D2D040-A2AF-42A1-9821-D1C6D77A3309}.Release|x64.Build.0 = Release|Any CPU
		{01D2D040-A2AF-42A1-9821-D1C6D77A3309}.Release|x86.ActiveCfg = Release|Any CPU
		{01D2D040-A2AF-42A1-9821-D1C6D77A3309}.Release|x86.Build.0 = Release|Any CPU
		{D8A22337-E65C-4214-B2AC-EFD34350C0C5}.Debug - With Setup|Any CPU.ActiveCfg = Debug|Any CPU
		{D8A22337-E65C-4214-B2AC-EFD34350C0C5}.Debug - With Setup|Any CPU.Build.0 = Debug|Any CPU
		{D8A22337-E65C-4214-B2AC-EFD34350C0C5}.Debug - With Setup|Mixed Platforms.ActiveCfg = Debug|Any CPU
		{D8A22337-E65C-4214-B2AC-EFD34350C0C5}.Debug - With Setup|Mixed Platforms.Build.0 = Debug|Any CPU
		{D8A22337-E65C-4214-B2AC-EFD34350C0C5}.Debug - With Setup|x64.ActiveCfg = Debug|Any CPU
		{D8A22337-E65C-4214-B2AC-EFD34350C0C5}.Debug - With Setup|x64.Build.0 = Debug|Any CPU
		{D8A22337-E65C-4214-B2AC-EFD34350C0C5}.Debug - With Setup|x86.ActiveCfg = Debug|Any CPU
		{D8A22337-E65C-4214-B2AC-EFD34350C0C5}.Debug - With Setup|x86.Build.0 = Debug|Any CPU
		{D8A22337-E65C-4214-B2AC-EFD34350C0C5}.Debug|Any CPU.ActiveCfg = Debug|Any CPU
		{D8A22337-E65C-4214-B2AC-EFD34350C0C5}.Debug|Any CPU.Build.0 = Debug|Any CPU
		{D8A22337-E65C-4214-B2AC-EFD34350C0C5}.Debug|Mixed Platforms.ActiveCfg = Debug|Any CPU
		{D8A22337-E65C-4214-B2AC-EFD34350C0C5}.Debug|Mixed Platforms.Build.0 = Debug|Any CPU
		{D8A22337-E65C-4214-B2AC-EFD34350C0C5}.Debug|x64.ActiveCfg = Debug|Any CPU
		{D8A22337-E65C-4214-B2AC-EFD34350C0C5}.Debug|x64.Build.0 = Debug|Any CPU
		{D8A22337-E65C-4214-B2AC-EFD34350C0C5}.Debug|x86.ActiveCfg = Debug|Any CPU
		{D8A22337-E65C-4214-B2AC-EFD34350C0C5}.Debug|x86.Build.0 = Debug|Any CPU
		{D8A22337-E65C-4214-B2AC-EFD34350C0C5}.Release - With Setup|Any CPU.ActiveCfg = Release|Any CPU
		{D8A22337-E65C-4214-B2AC-EFD34350C0C5}.Release - With Setup|Any CPU.Build.0 = Release|Any CPU
		{D8A22337-E65C-4214-B2AC-EFD34350C0C5}.Release - With Setup|Mixed Platforms.ActiveCfg = Release|Any CPU
		{D8A22337-E65C-4214-B2AC-EFD34350C0C5}.Release - With Setup|Mixed Platforms.Build.0 = Release|Any CPU
		{D8A22337-E65C-4214-B2AC-EFD34350C0C5}.Release - With Setup|x64.ActiveCfg = Release|Any CPU
		{D8A22337-E65C-4214-B2AC-EFD34350C0C5}.Release - With Setup|x64.Build.0 = Release|Any CPU
		{D8A22337-E65C-4214-B2AC-EFD34350C0C5}.Release - With Setup|x86.ActiveCfg = Release|Any CPU
		{D8A22337-E65C-4214-B2AC-EFD34350C0C5}.Release - With Setup|x86.Build.0 = Release|Any CPU
		{D8A22337-E65C-4214-B2AC-EFD34350C0C5}.Release|Any CPU.ActiveCfg = Release|Any CPU
		{D8A22337-E65C-4214-B2AC-EFD34350C0C5}.Release|Any CPU.Build.0 = Release|Any CPU
		{D8A22337-E65C-4214-B2AC-EFD34350C0C5}.Release|Mixed Platforms.ActiveCfg = Release|Any CPU
		{D8A22337-E65C-4214-B2AC-EFD34350C0C5}.Release|Mixed Platforms.Build.0 = Release|Any CPU
		{D8A22337-E65C-4214-B2AC-EFD34350C0C5}.Release|x64.ActiveCfg = Release|Any CPU
		{D8A22337-E65C-4214-B2AC-EFD34350C0C5}.Release|x64.Build.0 = Release|Any CPU
		{D8A22337-E65C-4214-B2AC-EFD34350C0C5}.Release|x86.ActiveCfg = Release|Any CPU
		{D8A22337-E65C-4214-B2AC-EFD34350C0C5}.Release|x86.Build.0 = Release|Any CPU
		{3DF3BBDC-F378-48FC-B5D3-6136AD1D1E5D}.Debug - With Setup|Any CPU.ActiveCfg = Debug|Any CPU
		{3DF3BBDC-F378-48FC-B5D3-6136AD1D1E5D}.Debug - With Setup|Any CPU.Build.0 = Debug|Any CPU
		{3DF3BBDC-F378-48FC-B5D3-6136AD1D1E5D}.Debug - With Setup|Mixed Platforms.ActiveCfg = Debug|Any CPU
		{3DF3BBDC-F378-48FC-B5D3-6136AD1D1E5D}.Debug - With Setup|Mixed Platforms.Build.0 = Debug|Any CPU
		{3DF3BBDC-F378-48FC-B5D3-6136AD1D1E5D}.Debug - With Setup|x64.ActiveCfg = Debug|Any CPU
		{3DF3BBDC-F378-48FC-B5D3-6136AD1D1E5D}.Debug - With Setup|x64.Build.0 = Debug|Any CPU
		{3DF3BBDC-F378-48FC-B5D3-6136AD1D1E5D}.Debug - With Setup|x86.ActiveCfg = Debug|Any CPU
		{3DF3BBDC-F378-48FC-B5D3-6136AD1D1E5D}.Debug - With Setup|x86.Build.0 = Debug|Any CPU
		{3DF3BBDC-F378-48FC-B5D3-6136AD1D1E5D}.Debug|Any CPU.ActiveCfg = Debug|Any CPU
		{3DF3BBDC-F378-48FC-B5D3-6136AD1D1E5D}.Debug|Any CPU.Build.0 = Debug|Any CPU
		{3DF3BBDC-F378-48FC-B5D3-6136AD1D1E5D}.Debug|Mixed Platforms.ActiveCfg = Debug|Any CPU
		{3DF3BBDC-F378-48FC-B5D3-6136AD1D1E5D}.Debug|Mixed Platforms.Build.0 = Debug|Any CPU
		{3DF3BBDC-F378-48FC-B5D3-6136AD1D1E5D}.Debug|x64.ActiveCfg = Debug|Any CPU
		{3DF3BBDC-F378-48FC-B5D3-6136AD1D1E5D}.Debug|x64.Build.0 = Debug|Any CPU
		{3DF3BBDC-F378-48FC-B5D3-6136AD1D1E5D}.Debug|x86.ActiveCfg = Debug|Any CPU
		{3DF3BBDC-F378-48FC-B5D3-6136AD1D1E5D}.Debug|x86.Build.0 = Debug|Any CPU
		{3DF3BBDC-F378-48FC-B5D3-6136AD1D1E5D}.Release - With Setup|Any CPU.ActiveCfg = Release|Any CPU
		{3DF3BBDC-F378-48FC-B5D3-6136AD1D1E5D}.Release - With Setup|Any CPU.Build.0 = Release|Any CPU
		{3DF3BBDC-F378-48FC-B5D3-6136AD1D1E5D}.Release - With Setup|Mixed Platforms.ActiveCfg = Release|Any CPU
		{3DF3BBDC-F378-48FC-B5D3-6136AD1D1E5D}.Release - With Setup|Mixed Platforms.Build.0 = Release|Any CPU
		{3DF3BBDC-F378-48FC-B5D3-6136AD1D1E5D}.Release - With Setup|x64.ActiveCfg = Release|Any CPU
		{3DF3BBDC-F378-48FC-B5D3-6136AD1D1E5D}.Release - With Setup|x64.Build.0 = Release|Any CPU
		{3DF3BBDC-F378-48FC-B5D3-6136AD1D1E5D}.Release - With Setup|x86.ActiveCfg = Release|Any CPU
		{3DF3BBDC-F378-48FC-B5D3-6136AD1D1E5D}.Release - With Setup|x86.Build.0 = Release|Any CPU
		{3DF3BBDC-F378-48FC-B5D3-6136AD1D1E5D}.Release|Any CPU.ActiveCfg = Release|Any CPU
		{3DF3BBDC-F378-48FC-B5D3-6136AD1D1E5D}.Release|Any CPU.Build.0 = Release|Any CPU
		{3DF3BBDC-F378-48FC-B5D3-6136AD1D1E5D}.Release|Mixed Platforms.ActiveCfg = Release|Any CPU
		{3DF3BBDC-F378-48FC-B5D3-6136AD1D1E5D}.Release|Mixed Platforms.Build.0 = Release|Any CPU
		{3DF3BBDC-F378-48FC-B5D3-6136AD1D1E5D}.Release|x64.ActiveCfg = Release|Any CPU
		{3DF3BBDC-F378-48FC-B5D3-6136AD1D1E5D}.Release|x64.Build.0 = Release|Any CPU
		{3DF3BBDC-F378-48FC-B5D3-6136AD1D1E5D}.Release|x86.ActiveCfg = Release|Any CPU
		{3DF3BBDC-F378-48FC-B5D3-6136AD1D1E5D}.Release|x86.Build.0 = Release|Any CPU
		{4203D266-E323-4E49-B5FD-B60C19D17EEF}.Debug - With Setup|Any CPU.ActiveCfg = Debug|Any CPU
		{4203D266-E323-4E49-B5FD-B60C19D17EEF}.Debug - With Setup|Any CPU.Build.0 = Debug|Any CPU
		{4203D266-E323-4E49-B5FD-B60C19D17EEF}.Debug - With Setup|Mixed Platforms.ActiveCfg = Debug|Any CPU
		{4203D266-E323-4E49-B5FD-B60C19D17EEF}.Debug - With Setup|Mixed Platforms.Build.0 = Debug|Any CPU
		{4203D266-E323-4E49-B5FD-B60C19D17EEF}.Debug - With Setup|x64.ActiveCfg = Debug|Any CPU
		{4203D266-E323-4E49-B5FD-B60C19D17EEF}.Debug - With Setup|x64.Build.0 = Debug|Any CPU
		{4203D266-E323-4E49-B5FD-B60C19D17EEF}.Debug - With Setup|x86.ActiveCfg = Debug|Any CPU
		{4203D266-E323-4E49-B5FD-B60C19D17EEF}.Debug - With Setup|x86.Build.0 = Debug|Any CPU
		{4203D266-E323-4E49-B5FD-B60C19D17EEF}.Debug|Any CPU.ActiveCfg = Debug|Any CPU
		{4203D266-E323-4E49-B5FD-B60C19D17EEF}.Debug|Any CPU.Build.0 = Debug|Any CPU
		{4203D266-E323-4E49-B5FD-B60C19D17EEF}.Debug|Mixed Platforms.ActiveCfg = Debug|Any CPU
		{4203D266-E323-4E49-B5FD-B60C19D17EEF}.Debug|Mixed Platforms.Build.0 = Debug|Any CPU
		{4203D266-E323-4E49-B5FD-B60C19D17EEF}.Debug|x64.ActiveCfg = Debug|Any CPU
		{4203D266-E323-4E49-B5FD-B60C19D17EEF}.Debug|x64.Build.0 = Debug|Any CPU
		{4203D266-E323-4E49-B5FD-B60C19D17EEF}.Debug|x86.ActiveCfg = Debug|Any CPU
		{4203D266-E323-4E49-B5FD-B60C19D17EEF}.Debug|x86.Build.0 = Debug|Any CPU
		{4203D266-E323-4E49-B5FD-B60C19D17EEF}.Release - With Setup|Any CPU.ActiveCfg = Release|Any CPU
		{4203D266-E323-4E49-B5FD-B60C19D17EEF}.Release - With Setup|Any CPU.Build.0 = Release|Any CPU
		{4203D266-E323-4E49-B5FD-B60C19D17EEF}.Release - With Setup|Mixed Platforms.ActiveCfg = Release|Any CPU
		{4203D266-E323-4E49-B5FD-B60C19D17EEF}.Release - With Setup|Mixed Platforms.Build.0 = Release|Any CPU
		{4203D266-E323-4E49-B5FD-B60C19D17EEF}.Release - With Setup|x64.ActiveCfg = Release|Any CPU
		{4203D266-E323-4E49-B5FD-B60C19D17EEF}.Release - With Setup|x64.Build.0 = Release|Any CPU
		{4203D266-E323-4E49-B5FD-B60C19D17EEF}.Release - With Setup|x86.ActiveCfg = Release|Any CPU
		{4203D266-E323-4E49-B5FD-B60C19D17EEF}.Release - With Setup|x86.Build.0 = Release|Any CPU
		{4203D266-E323-4E49-B5FD-B60C19D17EEF}.Release|Any CPU.ActiveCfg = Release|Any CPU
		{4203D266-E323-4E49-B5FD-B60C19D17EEF}.Release|Any CPU.Build.0 = Release|Any CPU
		{4203D266-E323-4E49-B5FD-B60C19D17EEF}.Release|Mixed Platforms.ActiveCfg = Release|Any CPU
		{4203D266-E323-4E49-B5FD-B60C19D17EEF}.Release|Mixed Platforms.Build.0 = Release|Any CPU
		{4203D266-E323-4E49-B5FD-B60C19D17EEF}.Release|x64.ActiveCfg = Release|Any CPU
		{4203D266-E323-4E49-B5FD-B60C19D17EEF}.Release|x64.Build.0 = Release|Any CPU
		{4203D266-E323-4E49-B5FD-B60C19D17EEF}.Release|x86.ActiveCfg = Release|Any CPU
		{4203D266-E323-4E49-B5FD-B60C19D17EEF}.Release|x86.Build.0 = Release|Any CPU
		{94D49D33-320E-4C9A-A93F-36813D6FB65F}.Debug - With Setup|Any CPU.ActiveCfg = Debug|Any CPU
		{94D49D33-320E-4C9A-A93F-36813D6FB65F}.Debug - With Setup|Any CPU.Build.0 = Debug|Any CPU
		{94D49D33-320E-4C9A-A93F-36813D6FB65F}.Debug - With Setup|Mixed Platforms.ActiveCfg = Debug|Any CPU
		{94D49D33-320E-4C9A-A93F-36813D6FB65F}.Debug - With Setup|Mixed Platforms.Build.0 = Debug|Any CPU
		{94D49D33-320E-4C9A-A93F-36813D6FB65F}.Debug - With Setup|x64.ActiveCfg = Debug|Any CPU
		{94D49D33-320E-4C9A-A93F-36813D6FB65F}.Debug - With Setup|x64.Build.0 = Debug|Any CPU
		{94D49D33-320E-4C9A-A93F-36813D6FB65F}.Debug - With Setup|x86.ActiveCfg = Debug|Any CPU
		{94D49D33-320E-4C9A-A93F-36813D6FB65F}.Debug - With Setup|x86.Build.0 = Debug|Any CPU
		{94D49D33-320E-4C9A-A93F-36813D6FB65F}.Debug|Any CPU.ActiveCfg = Debug|Any CPU
		{94D49D33-320E-4C9A-A93F-36813D6FB65F}.Debug|Any CPU.Build.0 = Debug|Any CPU
		{94D49D33-320E-4C9A-A93F-36813D6FB65F}.Debug|Mixed Platforms.ActiveCfg = Debug|Any CPU
		{94D49D33-320E-4C9A-A93F-36813D6FB65F}.Debug|Mixed Platforms.Build.0 = Debug|Any CPU
		{94D49D33-320E-4C9A-A93F-36813D6FB65F}.Debug|x64.ActiveCfg = Debug|Any CPU
		{94D49D33-320E-4C9A-A93F-36813D6FB65F}.Debug|x64.Build.0 = Debug|Any CPU
		{94D49D33-320E-4C9A-A93F-36813D6FB65F}.Debug|x86.ActiveCfg = Debug|Any CPU
		{94D49D33-320E-4C9A-A93F-36813D6FB65F}.Debug|x86.Build.0 = Debug|Any CPU
		{94D49D33-320E-4C9A-A93F-36813D6FB65F}.Release - With Setup|Any CPU.ActiveCfg = Release|Any CPU
		{94D49D33-320E-4C9A-A93F-36813D6FB65F}.Release - With Setup|Any CPU.Build.0 = Release|Any CPU
		{94D49D33-320E-4C9A-A93F-36813D6FB65F}.Release - With Setup|Mixed Platforms.ActiveCfg = Release|Any CPU
		{94D49D33-320E-4C9A-A93F-36813D6FB65F}.Release - With Setup|Mixed Platforms.Build.0 = Release|Any CPU
		{94D49D33-320E-4C9A-A93F-36813D6FB65F}.Release - With Setup|x64.ActiveCfg = Release|Any CPU
		{94D49D33-320E-4C9A-A93F-36813D6FB65F}.Release - With Setup|x64.Build.0 = Release|Any CPU
		{94D49D33-320E-4C9A-A93F-36813D6FB65F}.Release - With Setup|x86.ActiveCfg = Release|Any CPU
		{94D49D33-320E-4C9A-A93F-36813D6FB65F}.Release - With Setup|x86.Build.0 = Release|Any CPU
		{94D49D33-320E-4C9A-A93F-36813D6FB65F}.Release|Any CPU.ActiveCfg = Release|Any CPU
		{94D49D33-320E-4C9A-A93F-36813D6FB65F}.Release|Any CPU.Build.0 = Release|Any CPU
		{94D49D33-320E-4C9A-A93F-36813D6FB65F}.Release|Mixed Platforms.ActiveCfg = Release|Any CPU
		{94D49D33-320E-4C9A-A93F-36813D6FB65F}.Release|Mixed Platforms.Build.0 = Release|Any CPU
		{94D49D33-320E-4C9A-A93F-36813D6FB65F}.Release|x64.ActiveCfg = Release|Any CPU
		{94D49D33-320E-4C9A-A93F-36813D6FB65F}.Release|x64.Build.0 = Release|Any CPU
		{94D49D33-320E-4C9A-A93F-36813D6FB65F}.Release|x86.ActiveCfg = Release|Any CPU
		{94D49D33-320E-4C9A-A93F-36813D6FB65F}.Release|x86.Build.0 = Release|Any CPU
		{ED2A50A7-33D6-4327-8775-F8F9EBF369EE}.Debug - With Setup|Any CPU.ActiveCfg = Debug|Any CPU
		{ED2A50A7-33D6-4327-8775-F8F9EBF369EE}.Debug - With Setup|Any CPU.Build.0 = Debug|Any CPU
		{ED2A50A7-33D6-4327-8775-F8F9EBF369EE}.Debug - With Setup|Mixed Platforms.ActiveCfg = Debug|Any CPU
		{ED2A50A7-33D6-4327-8775-F8F9EBF369EE}.Debug - With Setup|Mixed Platforms.Build.0 = Debug|Any CPU
		{ED2A50A7-33D6-4327-8775-F8F9EBF369EE}.Debug - With Setup|x64.ActiveCfg = Debug|Any CPU
		{ED2A50A7-33D6-4327-8775-F8F9EBF369EE}.Debug - With Setup|x64.Build.0 = Debug|Any CPU
		{ED2A50A7-33D6-4327-8775-F8F9EBF369EE}.Debug - With Setup|x86.ActiveCfg = Debug|Any CPU
		{ED2A50A7-33D6-4327-8775-F8F9EBF369EE}.Debug - With Setup|x86.Build.0 = Debug|Any CPU
		{ED2A50A7-33D6-4327-8775-F8F9EBF369EE}.Debug|Any CPU.ActiveCfg = Debug|Any CPU
		{ED2A50A7-33D6-4327-8775-F8F9EBF369EE}.Debug|Any CPU.Build.0 = Debug|Any CPU
		{ED2A50A7-33D6-4327-8775-F8F9EBF369EE}.Debug|Mixed Platforms.ActiveCfg = Debug|Any CPU
		{ED2A50A7-33D6-4327-8775-F8F9EBF369EE}.Debug|Mixed Platforms.Build.0 = Debug|Any CPU
		{ED2A50A7-33D6-4327-8775-F8F9EBF369EE}.Debug|x64.ActiveCfg = Debug|Any CPU
		{ED2A50A7-33D6-4327-8775-F8F9EBF369EE}.Debug|x64.Build.0 = Debug|Any CPU
		{ED2A50A7-33D6-4327-8775-F8F9EBF369EE}.Debug|x86.ActiveCfg = Debug|Any CPU
		{ED2A50A7-33D6-4327-8775-F8F9EBF369EE}.Debug|x86.Build.0 = Debug|Any CPU
		{ED2A50A7-33D6-4327-8775-F8F9EBF369EE}.Release - With Setup|Any CPU.ActiveCfg = Release|Any CPU
		{ED2A50A7-33D6-4327-8775-F8F9EBF369EE}.Release - With Setup|Any CPU.Build.0 = Release|Any CPU
		{ED2A50A7-33D6-4327-8775-F8F9EBF369EE}.Release - With Setup|Mixed Platforms.ActiveCfg = Release|Any CPU
		{ED2A50A7-33D6-4327-8775-F8F9EBF369EE}.Release - With Setup|Mixed Platforms.Build.0 = Release|Any CPU
		{ED2A50A7-33D6-4327-8775-F8F9EBF369EE}.Release - With Setup|x64.ActiveCfg = Release|Any CPU
		{ED2A50A7-33D6-4327-8775-F8F9EBF369EE}.Release - With Setup|x64.Build.0 = Release|Any CPU
		{ED2A50A7-33D6-4327-8775-F8F9EBF369EE}.Release - With Setup|x86.ActiveCfg = Release|Any CPU
		{ED2A50A7-33D6-4327-8775-F8F9EBF369EE}.Release - With Setup|x86.Build.0 = Release|Any CPU
		{ED2A50A7-33D6-4327-8775-F8F9EBF369EE}.Release|Any CPU.ActiveCfg = Release|Any CPU
		{ED2A50A7-33D6-4327-8775-F8F9EBF369EE}.Release|Any CPU.Build.0 = Release|Any CPU
		{ED2A50A7-33D6-4327-8775-F8F9EBF369EE}.Release|Mixed Platforms.ActiveCfg = Release|Any CPU
		{ED2A50A7-33D6-4327-8775-F8F9EBF369EE}.Release|Mixed Platforms.Build.0 = Release|Any CPU
		{ED2A50A7-33D6-4327-8775-F8F9EBF369EE}.Release|x64.ActiveCfg = Release|Any CPU
		{ED2A50A7-33D6-4327-8775-F8F9EBF369EE}.Release|x64.Build.0 = Release|Any CPU
		{ED2A50A7-33D6-4327-8775-F8F9EBF369EE}.Release|x86.ActiveCfg = Release|Any CPU
		{ED2A50A7-33D6-4327-8775-F8F9EBF369EE}.Release|x86.Build.0 = Release|Any CPU
		{7AA16534-92EC-4ABF-BFF0-1EC373C91035}.Debug - With Setup|Any CPU.ActiveCfg = Debug|Any CPU
		{7AA16534-92EC-4ABF-BFF0-1EC373C91035}.Debug - With Setup|Any CPU.Build.0 = Debug|Any CPU
		{7AA16534-92EC-4ABF-BFF0-1EC373C91035}.Debug - With Setup|Mixed Platforms.ActiveCfg = Debug|Any CPU
		{7AA16534-92EC-4ABF-BFF0-1EC373C91035}.Debug - With Setup|Mixed Platforms.Build.0 = Debug|Any CPU
		{7AA16534-92EC-4ABF-BFF0-1EC373C91035}.Debug - With Setup|x64.ActiveCfg = Debug|Any CPU
		{7AA16534-92EC-4ABF-BFF0-1EC373C91035}.Debug - With Setup|x64.Build.0 = Debug|Any CPU
		{7AA16534-92EC-4ABF-BFF0-1EC373C91035}.Debug - With Setup|x86.ActiveCfg = Debug|Any CPU
		{7AA16534-92EC-4ABF-BFF0-1EC373C91035}.Debug - With Setup|x86.Build.0 = Debug|Any CPU
		{7AA16534-92EC-4ABF-BFF0-1EC373C91035}.Debug|Any CPU.ActiveCfg = Debug|Any CPU
		{7AA16534-92EC-4ABF-BFF0-1EC373C91035}.Debug|Any CPU.Build.0 = Debug|Any CPU
		{7AA16534-92EC-4ABF-BFF0-1EC373C91035}.Debug|Mixed Platforms.ActiveCfg = Debug|Any CPU
		{7AA16534-92EC-4ABF-BFF0-1EC373C91035}.Debug|Mixed Platforms.Build.0 = Debug|Any CPU
		{7AA16534-92EC-4ABF-BFF0-1EC373C91035}.Debug|x64.ActiveCfg = Debug|Any CPU
		{7AA16534-92EC-4ABF-BFF0-1EC373C91035}.Debug|x64.Build.0 = Debug|Any CPU
		{7AA16534-92EC-4ABF-BFF0-1EC373C91035}.Debug|x86.ActiveCfg = Debug|Any CPU
		{7AA16534-92EC-4ABF-BFF0-1EC373C91035}.Debug|x86.Build.0 = Debug|Any CPU
		{7AA16534-92EC-4ABF-BFF0-1EC373C91035}.Release - With Setup|Any CPU.ActiveCfg = Release|Any CPU
		{7AA16534-92EC-4ABF-BFF0-1EC373C91035}.Release - With Setup|Any CPU.Build.0 = Release|Any CPU
		{7AA16534-92EC-4ABF-BFF0-1EC373C91035}.Release - With Setup|Mixed Platforms.ActiveCfg = Release|Any CPU
		{7AA16534-92EC-4ABF-BFF0-1EC373C91035}.Release - With Setup|Mixed Platforms.Build.0 = Release|Any CPU
		{7AA16534-92EC-4ABF-BFF0-1EC373C91035}.Release - With Setup|x64.ActiveCfg = Release|Any CPU
		{7AA16534-92EC-4ABF-BFF0-1EC373C91035}.Release - With Setup|x64.Build.0 = Release|Any CPU
		{7AA16534-92EC-4ABF-BFF0-1EC373C91035}.Release - With Setup|x86.ActiveCfg = Release|Any CPU
		{7AA16534-92EC-4ABF-BFF0-1EC373C91035}.Release - With Setup|x86.Build.0 = Release|Any CPU
		{7AA16534-92EC-4ABF-BFF0-1EC373C91035}.Release|Any CPU.ActiveCfg = Release|Any CPU
		{7AA16534-92EC-4ABF-BFF0-1EC373C91035}.Release|Any CPU.Build.0 = Release|Any CPU
		{7AA16534-92EC-4ABF-BFF0-1EC373C91035}.Release|Mixed Platforms.ActiveCfg = Release|Any CPU
		{7AA16534-92EC-4ABF-BFF0-1EC373C91035}.Release|Mixed Platforms.Build.0 = Release|Any CPU
		{7AA16534-92EC-4ABF-BFF0-1EC373C91035}.Release|x64.ActiveCfg = Release|Any CPU
		{7AA16534-92EC-4ABF-BFF0-1EC373C91035}.Release|x64.Build.0 = Release|Any CPU
		{7AA16534-92EC-4ABF-BFF0-1EC373C91035}.Release|x86.ActiveCfg = Release|Any CPU
		{7AA16534-92EC-4ABF-BFF0-1EC373C91035}.Release|x86.Build.0 = Release|Any CPU
		{29B9EDF3-9D68-417E-9D85-D5E88E0975F1}.Debug - With Setup|Any CPU.ActiveCfg = Debug|Any CPU
		{29B9EDF3-9D68-417E-9D85-D5E88E0975F1}.Debug - With Setup|Any CPU.Build.0 = Debug|Any CPU
		{29B9EDF3-9D68-417E-9D85-D5E88E0975F1}.Debug - With Setup|Mixed Platforms.ActiveCfg = Debug|Any CPU
		{29B9EDF3-9D68-417E-9D85-D5E88E0975F1}.Debug - With Setup|Mixed Platforms.Build.0 = Debug|Any CPU
		{29B9EDF3-9D68-417E-9D85-D5E88E0975F1}.Debug - With Setup|x64.ActiveCfg = Debug|Any CPU
		{29B9EDF3-9D68-417E-9D85-D5E88E0975F1}.Debug - With Setup|x64.Build.0 = Debug|Any CPU
		{29B9EDF3-9D68-417E-9D85-D5E88E0975F1}.Debug - With Setup|x86.ActiveCfg = Debug|Any CPU
		{29B9EDF3-9D68-417E-9D85-D5E88E0975F1}.Debug - With Setup|x86.Build.0 = Debug|Any CPU
		{29B9EDF3-9D68-417E-9D85-D5E88E0975F1}.Debug|Any CPU.ActiveCfg = Debug|Any CPU
		{29B9EDF3-9D68-417E-9D85-D5E88E0975F1}.Debug|Any CPU.Build.0 = Debug|Any CPU
		{29B9EDF3-9D68-417E-9D85-D5E88E0975F1}.Debug|Mixed Platforms.ActiveCfg = Debug|Any CPU
		{29B9EDF3-9D68-417E-9D85-D5E88E0975F1}.Debug|Mixed Platforms.Build.0 = Debug|Any CPU
		{29B9EDF3-9D68-417E-9D85-D5E88E0975F1}.Debug|x64.ActiveCfg = Debug|Any CPU
		{29B9EDF3-9D68-417E-9D85-D5E88E0975F1}.Debug|x64.Build.0 = Debug|Any CPU
		{29B9EDF3-9D68-417E-9D85-D5E88E0975F1}.Debug|x86.ActiveCfg = Debug|Any CPU
		{29B9EDF3-9D68-417E-9D85-D5E88E0975F1}.Debug|x86.Build.0 = Debug|Any CPU
		{29B9EDF3-9D68-417E-9D85-D5E88E0975F1}.Release - With Setup|Any CPU.ActiveCfg = Release|Any CPU
		{29B9EDF3-9D68-417E-9D85-D5E88E0975F1}.Release - With Setup|Any CPU.Build.0 = Release|Any CPU
		{29B9EDF3-9D68-417E-9D85-D5E88E0975F1}.Release - With Setup|Mixed Platforms.ActiveCfg = Release|Any CPU
		{29B9EDF3-9D68-417E-9D85-D5E88E0975F1}.Release - With Setup|Mixed Platforms.Build.0 = Release|Any CPU
		{29B9EDF3-9D68-417E-9D85-D5E88E0975F1}.Release - With Setup|x64.ActiveCfg = Release|Any CPU
		{29B9EDF3-9D68-417E-9D85-D5E88E0975F1}.Release - With Setup|x64.Build.0 = Release|Any CPU
		{29B9EDF3-9D68-417E-9D85-D5E88E0975F1}.Release - With Setup|x86.ActiveCfg = Release|Any CPU
		{29B9EDF3-9D68-417E-9D85-D5E88E0975F1}.Release - With Setup|x86.Build.0 = Release|Any CPU
		{29B9EDF3-9D68-417E-9D85-D5E88E0975F1}.Release|Any CPU.ActiveCfg = Release|Any CPU
		{29B9EDF3-9D68-417E-9D85-D5E88E0975F1}.Release|Any CPU.Build.0 = Release|Any CPU
		{29B9EDF3-9D68-417E-9D85-D5E88E0975F1}.Release|Mixed Platforms.ActiveCfg = Release|Any CPU
		{29B9EDF3-9D68-417E-9D85-D5E88E0975F1}.Release|Mixed Platforms.Build.0 = Release|Any CPU
		{29B9EDF3-9D68-417E-9D85-D5E88E0975F1}.Release|x64.ActiveCfg = Release|Any CPU
		{29B9EDF3-9D68-417E-9D85-D5E88E0975F1}.Release|x64.Build.0 = Release|Any CPU
		{29B9EDF3-9D68-417E-9D85-D5E88E0975F1}.Release|x86.ActiveCfg = Release|Any CPU
		{29B9EDF3-9D68-417E-9D85-D5E88E0975F1}.Release|x86.Build.0 = Release|Any CPU
		{7BF3C67C-239E-44D5-BA71-555A624550E8}.Debug - With Setup|Any CPU.ActiveCfg = Debug|Any CPU
		{7BF3C67C-239E-44D5-BA71-555A624550E8}.Debug - With Setup|Any CPU.Build.0 = Debug|Any CPU
		{7BF3C67C-239E-44D5-BA71-555A624550E8}.Debug - With Setup|Mixed Platforms.ActiveCfg = Debug|Any CPU
		{7BF3C67C-239E-44D5-BA71-555A624550E8}.Debug - With Setup|Mixed Platforms.Build.0 = Debug|Any CPU
		{7BF3C67C-239E-44D5-BA71-555A624550E8}.Debug - With Setup|x64.ActiveCfg = Debug|Any CPU
		{7BF3C67C-239E-44D5-BA71-555A624550E8}.Debug - With Setup|x64.Build.0 = Debug|Any CPU
		{7BF3C67C-239E-44D5-BA71-555A624550E8}.Debug - With Setup|x86.ActiveCfg = Debug|Any CPU
		{7BF3C67C-239E-44D5-BA71-555A624550E8}.Debug - With Setup|x86.Build.0 = Debug|Any CPU
		{7BF3C67C-239E-44D5-BA71-555A624550E8}.Debug|Any CPU.ActiveCfg = Debug|Any CPU
		{7BF3C67C-239E-44D5-BA71-555A624550E8}.Debug|Any CPU.Build.0 = Debug|Any CPU
		{7BF3C67C-239E-44D5-BA71-555A624550E8}.Debug|Mixed Platforms.ActiveCfg = Debug|Any CPU
		{7BF3C67C-239E-44D5-BA71-555A624550E8}.Debug|Mixed Platforms.Build.0 = Debug|Any CPU
		{7BF3C67C-239E-44D5-BA71-555A624550E8}.Debug|x64.ActiveCfg = Debug|Any CPU
		{7BF3C67C-239E-44D5-BA71-555A624550E8}.Debug|x64.Build.0 = Debug|Any CPU
		{7BF3C67C-239E-44D5-BA71-555A624550E8}.Debug|x86.ActiveCfg = Debug|Any CPU
		{7BF3C67C-239E-44D5-BA71-555A624550E8}.Debug|x86.Build.0 = Debug|Any CPU
		{7BF3C67C-239E-44D5-BA71-555A624550E8}.Release - With Setup|Any CPU.ActiveCfg = Release|Any CPU
		{7BF3C67C-239E-44D5-BA71-555A624550E8}.Release - With Setup|Any CPU.Build.0 = Release|Any CPU
		{7BF3C67C-239E-44D5-BA71-555A624550E8}.Release - With Setup|Mixed Platforms.ActiveCfg = Release|Any CPU
		{7BF3C67C-239E-44D5-BA71-555A624550E8}.Release - With Setup|Mixed Platforms.Build.0 = Release|Any CPU
		{7BF3C67C-239E-44D5-BA71-555A624550E8}.Release - With Setup|x64.ActiveCfg = Release|Any CPU
		{7BF3C67C-239E-44D5-BA71-555A624550E8}.Release - With Setup|x64.Build.0 = Release|Any CPU
		{7BF3C67C-239E-44D5-BA71-555A624550E8}.Release - With Setup|x86.ActiveCfg = Release|Any CPU
		{7BF3C67C-239E-44D5-BA71-555A624550E8}.Release - With Setup|x86.Build.0 = Release|Any CPU
		{7BF3C67C-239E-44D5-BA71-555A624550E8}.Release|Any CPU.ActiveCfg = Release|Any CPU
		{7BF3C67C-239E-44D5-BA71-555A624550E8}.Release|Any CPU.Build.0 = Release|Any CPU
		{7BF3C67C-239E-44D5-BA71-555A624550E8}.Release|Mixed Platforms.ActiveCfg = Release|Any CPU
		{7BF3C67C-239E-44D5-BA71-555A624550E8}.Release|Mixed Platforms.Build.0 = Release|Any CPU
		{7BF3C67C-239E-44D5-BA71-555A624550E8}.Release|x64.ActiveCfg = Release|Any CPU
		{7BF3C67C-239E-44D5-BA71-555A624550E8}.Release|x64.Build.0 = Release|Any CPU
		{7BF3C67C-239E-44D5-BA71-555A624550E8}.Release|x86.ActiveCfg = Release|Any CPU
		{7BF3C67C-239E-44D5-BA71-555A624550E8}.Release|x86.Build.0 = Release|Any CPU
		{C1A3C38D-C802-4E40-9079-4C857063A3CE}.Debug - With Setup|Any CPU.ActiveCfg = Debug|Any CPU
		{C1A3C38D-C802-4E40-9079-4C857063A3CE}.Debug - With Setup|Any CPU.Build.0 = Debug|Any CPU
		{C1A3C38D-C802-4E40-9079-4C857063A3CE}.Debug - With Setup|Mixed Platforms.ActiveCfg = Debug|Any CPU
		{C1A3C38D-C802-4E40-9079-4C857063A3CE}.Debug - With Setup|Mixed Platforms.Build.0 = Debug|Any CPU
		{C1A3C38D-C802-4E40-9079-4C857063A3CE}.Debug - With Setup|x64.ActiveCfg = Debug|Any CPU
		{C1A3C38D-C802-4E40-9079-4C857063A3CE}.Debug - With Setup|x64.Build.0 = Debug|Any CPU
		{C1A3C38D-C802-4E40-9079-4C857063A3CE}.Debug - With Setup|x86.ActiveCfg = Debug|Any CPU
		{C1A3C38D-C802-4E40-9079-4C857063A3CE}.Debug - With Setup|x86.Build.0 = Debug|Any CPU
		{C1A3C38D-C802-4E40-9079-4C857063A3CE}.Debug|Any CPU.ActiveCfg = Debug|Any CPU
		{C1A3C38D-C802-4E40-9079-4C857063A3CE}.Debug|Any CPU.Build.0 = Debug|Any CPU
		{C1A3C38D-C802-4E40-9079-4C857063A3CE}.Debug|Mixed Platforms.ActiveCfg = Debug|Any CPU
		{C1A3C38D-C802-4E40-9079-4C857063A3CE}.Debug|Mixed Platforms.Build.0 = Debug|Any CPU
		{C1A3C38D-C802-4E40-9079-4C857063A3CE}.Debug|x64.ActiveCfg = Debug|Any CPU
		{C1A3C38D-C802-4E40-9079-4C857063A3CE}.Debug|x64.Build.0 = Debug|Any CPU
		{C1A3C38D-C802-4E40-9079-4C857063A3CE}.Debug|x86.ActiveCfg = Debug|Any CPU
		{C1A3C38D-C802-4E40-9079-4C857063A3CE}.Debug|x86.Build.0 = Debug|Any CPU
		{C1A3C38D-C802-4E40-9079-4C857063A3CE}.Release - With Setup|Any CPU.ActiveCfg = Release|Any CPU
		{C1A3C38D-C802-4E40-9079-4C857063A3CE}.Release - With Setup|Any CPU.Build.0 = Release|Any CPU
		{C1A3C38D-C802-4E40-9079-4C857063A3CE}.Release - With Setup|Mixed Platforms.ActiveCfg = Release|Any CPU
		{C1A3C38D-C802-4E40-9079-4C857063A3CE}.Release - With Setup|Mixed Platforms.Build.0 = Release|Any CPU
		{C1A3C38D-C802-4E40-9079-4C857063A3CE}.Release - With Setup|x64.ActiveCfg = Release|Any CPU
		{C1A3C38D-C802-4E40-9079-4C857063A3CE}.Release - With Setup|x64.Build.0 = Release|Any CPU
		{C1A3C38D-C802-4E40-9079-4C857063A3CE}.Release - With Setup|x86.ActiveCfg = Release|Any CPU
		{C1A3C38D-C802-4E40-9079-4C857063A3CE}.Release - With Setup|x86.Build.0 = Release|Any CPU
		{C1A3C38D-C802-4E40-9079-4C857063A3CE}.Release|Any CPU.ActiveCfg = Release|Any CPU
		{C1A3C38D-C802-4E40-9079-4C857063A3CE}.Release|Any CPU.Build.0 = Release|Any CPU
		{C1A3C38D-C802-4E40-9079-4C857063A3CE}.Release|Mixed Platforms.ActiveCfg = Release|Any CPU
		{C1A3C38D-C802-4E40-9079-4C857063A3CE}.Release|Mixed Platforms.Build.0 = Release|Any CPU
		{C1A3C38D-C802-4E40-9079-4C857063A3CE}.Release|x64.ActiveCfg = Release|Any CPU
		{C1A3C38D-C802-4E40-9079-4C857063A3CE}.Release|x64.Build.0 = Release|Any CPU
		{C1A3C38D-C802-4E40-9079-4C857063A3CE}.Release|x86.ActiveCfg = Release|Any CPU
		{C1A3C38D-C802-4E40-9079-4C857063A3CE}.Release|x86.Build.0 = Release|Any CPU
		{1DAD6B26-8993-4C3F-8B75-B9A9D67A2CE0}.Debug - With Setup|Any CPU.ActiveCfg = Debug|Any CPU
		{1DAD6B26-8993-4C3F-8B75-B9A9D67A2CE0}.Debug - With Setup|Any CPU.Build.0 = Debug|Any CPU
		{1DAD6B26-8993-4C3F-8B75-B9A9D67A2CE0}.Debug - With Setup|Mixed Platforms.ActiveCfg = Debug|Any CPU
		{1DAD6B26-8993-4C3F-8B75-B9A9D67A2CE0}.Debug - With Setup|Mixed Platforms.Build.0 = Debug|Any CPU
		{1DAD6B26-8993-4C3F-8B75-B9A9D67A2CE0}.Debug - With Setup|x64.ActiveCfg = Debug|Any CPU
		{1DAD6B26-8993-4C3F-8B75-B9A9D67A2CE0}.Debug - With Setup|x64.Build.0 = Debug|Any CPU
		{1DAD6B26-8993-4C3F-8B75-B9A9D67A2CE0}.Debug - With Setup|x86.ActiveCfg = Debug|Any CPU
		{1DAD6B26-8993-4C3F-8B75-B9A9D67A2CE0}.Debug - With Setup|x86.Build.0 = Debug|Any CPU
		{1DAD6B26-8993-4C3F-8B75-B9A9D67A2CE0}.Debug|Any CPU.ActiveCfg = Debug|Any CPU
		{1DAD6B26-8993-4C3F-8B75-B9A9D67A2CE0}.Debug|Any CPU.Build.0 = Debug|Any CPU
		{1DAD6B26-8993-4C3F-8B75-B9A9D67A2CE0}.Debug|Mixed Platforms.ActiveCfg = Debug|Any CPU
		{1DAD6B26-8993-4C3F-8B75-B9A9D67A2CE0}.Debug|Mixed Platforms.Build.0 = Debug|Any CPU
		{1DAD6B26-8993-4C3F-8B75-B9A9D67A2CE0}.Debug|x64.ActiveCfg = Debug|Any CPU
		{1DAD6B26-8993-4C3F-8B75-B9A9D67A2CE0}.Debug|x64.Build.0 = Debug|Any CPU
		{1DAD6B26-8993-4C3F-8B75-B9A9D67A2CE0}.Debug|x86.ActiveCfg = Debug|Any CPU
		{1DAD6B26-8993-4C3F-8B75-B9A9D67A2CE0}.Debug|x86.Build.0 = Debug|Any CPU
		{1DAD6B26-8993-4C3F-8B75-B9A9D67A2CE0}.Release - With Setup|Any CPU.ActiveCfg = Release|Any CPU
		{1DAD6B26-8993-4C3F-8B75-B9A9D67A2CE0}.Release - With Setup|Any CPU.Build.0 = Release|Any CPU
		{1DAD6B26-8993-4C3F-8B75-B9A9D67A2CE0}.Release - With Setup|Mixed Platforms.ActiveCfg = Release|Any CPU
		{1DAD6B26-8993-4C3F-8B75-B9A9D67A2CE0}.Release - With Setup|Mixed Platforms.Build.0 = Release|Any CPU
		{1DAD6B26-8993-4C3F-8B75-B9A9D67A2CE0}.Release - With Setup|x64.ActiveCfg = Release|Any CPU
		{1DAD6B26-8993-4C3F-8B75-B9A9D67A2CE0}.Release - With Setup|x64.Build.0 = Release|Any CPU
		{1DAD6B26-8993-4C3F-8B75-B9A9D67A2CE0}.Release - With Setup|x86.ActiveCfg = Release|Any CPU
		{1DAD6B26-8993-4C3F-8B75-B9A9D67A2CE0}.Release - With Setup|x86.Build.0 = Release|Any CPU
		{1DAD6B26-8993-4C3F-8B75-B9A9D67A2CE0}.Release|Any CPU.ActiveCfg = Release|Any CPU
		{1DAD6B26-8993-4C3F-8B75-B9A9D67A2CE0}.Release|Any CPU.Build.0 = Release|Any CPU
		{1DAD6B26-8993-4C3F-8B75-B9A9D67A2CE0}.Release|Mixed Platforms.ActiveCfg = Release|Any CPU
		{1DAD6B26-8993-4C3F-8B75-B9A9D67A2CE0}.Release|Mixed Platforms.Build.0 = Release|Any CPU
		{1DAD6B26-8993-4C3F-8B75-B9A9D67A2CE0}.Release|x64.ActiveCfg = Release|Any CPU
		{1DAD6B26-8993-4C3F-8B75-B9A9D67A2CE0}.Release|x64.Build.0 = Release|Any CPU
		{1DAD6B26-8993-4C3F-8B75-B9A9D67A2CE0}.Release|x86.ActiveCfg = Release|Any CPU
		{1DAD6B26-8993-4C3F-8B75-B9A9D67A2CE0}.Release|x86.Build.0 = Release|Any CPU
		{9A49783E-FFFB-4629-A877-4A9D3B52323F}.Debug - With Setup|Any CPU.ActiveCfg = Debug|Any CPU
		{9A49783E-FFFB-4629-A877-4A9D3B52323F}.Debug - With Setup|Any CPU.Build.0 = Debug|Any CPU
		{9A49783E-FFFB-4629-A877-4A9D3B52323F}.Debug - With Setup|Mixed Platforms.ActiveCfg = Debug|Any CPU
		{9A49783E-FFFB-4629-A877-4A9D3B52323F}.Debug - With Setup|Mixed Platforms.Build.0 = Debug|Any CPU
		{9A49783E-FFFB-4629-A877-4A9D3B52323F}.Debug - With Setup|x64.ActiveCfg = Debug|Any CPU
		{9A49783E-FFFB-4629-A877-4A9D3B52323F}.Debug - With Setup|x64.Build.0 = Debug|Any CPU
		{9A49783E-FFFB-4629-A877-4A9D3B52323F}.Debug - With Setup|x86.ActiveCfg = Debug|Any CPU
		{9A49783E-FFFB-4629-A877-4A9D3B52323F}.Debug - With Setup|x86.Build.0 = Debug|Any CPU
		{9A49783E-FFFB-4629-A877-4A9D3B52323F}.Debug|Any CPU.ActiveCfg = Debug|Any CPU
		{9A49783E-FFFB-4629-A877-4A9D3B52323F}.Debug|Any CPU.Build.0 = Debug|Any CPU
		{9A49783E-FFFB-4629-A877-4A9D3B52323F}.Debug|Mixed Platforms.ActiveCfg = Debug|Any CPU
		{9A49783E-FFFB-4629-A877-4A9D3B52323F}.Debug|Mixed Platforms.Build.0 = Debug|Any CPU
		{9A49783E-FFFB-4629-A877-4A9D3B52323F}.Debug|x64.ActiveCfg = Debug|Any CPU
		{9A49783E-FFFB-4629-A877-4A9D3B52323F}.Debug|x64.Build.0 = Debug|Any CPU
		{9A49783E-FFFB-4629-A877-4A9D3B52323F}.Debug|x86.ActiveCfg = Debug|Any CPU
		{9A49783E-FFFB-4629-A877-4A9D3B52323F}.Debug|x86.Build.0 = Debug|Any CPU
		{9A49783E-FFFB-4629-A877-4A9D3B52323F}.Release - With Setup|Any CPU.ActiveCfg = Release|Any CPU
		{9A49783E-FFFB-4629-A877-4A9D3B52323F}.Release - With Setup|Any CPU.Build.0 = Release|Any CPU
		{9A49783E-FFFB-4629-A877-4A9D3B52323F}.Release - With Setup|Mixed Platforms.ActiveCfg = Release|Any CPU
		{9A49783E-FFFB-4629-A877-4A9D3B52323F}.Release - With Setup|Mixed Platforms.Build.0 = Release|Any CPU
		{9A49783E-FFFB-4629-A877-4A9D3B52323F}.Release - With Setup|x64.ActiveCfg = Release|Any CPU
		{9A49783E-FFFB-4629-A877-4A9D3B52323F}.Release - With Setup|x64.Build.0 = Release|Any CPU
		{9A49783E-FFFB-4629-A877-4A9D3B52323F}.Release - With Setup|x86.ActiveCfg = Release|Any CPU
		{9A49783E-FFFB-4629-A877-4A9D3B52323F}.Release - With Setup|x86.Build.0 = Release|Any CPU
		{9A49783E-FFFB-4629-A877-4A9D3B52323F}.Release|Any CPU.ActiveCfg = Release|Any CPU
		{9A49783E-FFFB-4629-A877-4A9D3B52323F}.Release|Any CPU.Build.0 = Release|Any CPU
		{9A49783E-FFFB-4629-A877-4A9D3B52323F}.Release|Mixed Platforms.ActiveCfg = Release|Any CPU
		{9A49783E-FFFB-4629-A877-4A9D3B52323F}.Release|Mixed Platforms.Build.0 = Release|Any CPU
		{9A49783E-FFFB-4629-A877-4A9D3B52323F}.Release|x64.ActiveCfg = Release|Any CPU
		{9A49783E-FFFB-4629-A877-4A9D3B52323F}.Release|x64.Build.0 = Release|Any CPU
		{9A49783E-FFFB-4629-A877-4A9D3B52323F}.Release|x86.ActiveCfg = Release|Any CPU
		{9A49783E-FFFB-4629-A877-4A9D3B52323F}.Release|x86.Build.0 = Release|Any CPU
	EndGlobalSection
	GlobalSection(SolutionProperties) = preSolution
		HideSolutionNode = FALSE
	EndGlobalSection
	GlobalSection(ExtensibilityGlobals) = postSolution
		SolutionGuid = {B1D182A0-263B-4AB8-8413-56303DBD4CCC}
	EndGlobalSection
EndGlobal
